Microsoft Visual Studio Solution File, Format Version 12.00
# Visual Studio Version 17
VisualStudioVersion = 17.5.2.0
MinimumVisualStudioVersion = 10.0.40219.1
Project("{FAE04EC0-301F-11D3-BF4B-00C04F79EFBC}") = "sld-graph", "sld-graph.csproj", "{749B14A7-5C85-EF10-0E52-DA7A61694E92}"
EndProject
Global
	GlobalSection(SolutionConfigurationPlatforms) = preSolution
		Debug|Any CPU = Debug|Any CPU
		Release|Any CPU = Release|Any CPU
	EndGlobalSection
	GlobalSection(ProjectConfigurationPlatforms) = postSolution
		{749B14A7-5C85-EF10-0E52-DA7A61694E92}.Debug|Any CPU.ActiveCfg = Debug|Any CPU
		{749B14A7-5C85-EF10-0E52-DA7A61694E92}.Debug|Any CPU.Build.0 = Debug|Any CPU
		{749B14A7-5C85-EF10-0E52-DA7A61694E92}.Release|Any CPU.ActiveCfg = Release|Any CPU
		{749B14A7-5C85-EF10-0E52-DA7A61694E92}.Release|Any CPU.Build.0 = Release|Any CPU
	EndGlobalSection
	GlobalSection(SolutionProperties) = preSolution
		HideSolutionNode = FALSE
	EndGlobalSection
	GlobalSection(ExtensibilityGlobals) = postSolution
		SolutionGuid = {34D728DD-52EA-4E50-AEA0-578142C78CB5}
	EndGlobalSection
EndGlobal
